
Microsoft Visual Studio Solution File, Format Version 12.00
# Visual Studio Version 17
VisualStudioVersion = 17.9.34607.119
MinimumVisualStudioVersion = 10.0.40219.1
Project("{9A19103F-16F7-4668-BE54-9A1E7A4F7556}") = "ex07_EmployeeMngApp", "ex07_EmployeeMngApp\ex07_EmployeeMngApp.csproj", "{BA896C50-A206-47B6-834A-98AFC3E0FD24}"
EndProject
Project("{9A19103F-16F7-4668-BE54-9A1E7A4F7556}") = "ex10_MovieFinder2024", "ex10_MovieFinder2024\ex10_MovieFinder2024.csproj", "{02154250-0F5F-4FD5-A43F-76452D7E14EA}"
EndProject
Global
	GlobalSection(SolutionConfigurationPlatforms) = preSolution
		Debug|Any CPU = Debug|Any CPU
		Release|Any CPU = Release|Any CPU
	EndGlobalSection
	GlobalSection(ProjectConfigurationPlatforms) = postSolution
		{BA896C50-A206-47B6-834A-98AFC3E0FD24}.Debug|Any CPU.ActiveCfg = Debug|Any CPU
		{BA896C50-A206-47B6-834A-98AFC3E0FD24}.Debug|Any CPU.Build.0 = Debug|Any CPU
		{BA896C50-A206-47B6-834A-98AFC3E0FD24}.Release|Any CPU.ActiveCfg = Release|Any CPU
		{BA896C50-A206-47B6-834A-98AFC3E0FD24}.Release|Any CPU.Build.0 = Release|Any CPU
		{02154250-0F5F-4FD5-A43F-76452D7E14EA}.Debug|Any CPU.ActiveCfg = Debug|Any CPU
		{02154250-0F5F-4FD5-A43F-76452D7E14EA}.Debug|Any CPU.Build.0 = Debug|Any CPU
		{02154250-0F5F-4FD5-A43F-76452D7E14EA}.Release|Any CPU.ActiveCfg = Release|Any CPU
		{02154250-0F5F-4FD5-A43F-76452D7E14EA}.Release|Any CPU.Build.0 = Release|Any CPU
	EndGlobalSection
	GlobalSection(SolutionProperties) = preSolution
		HideSolutionNode = FALSE
	EndGlobalSection
	GlobalSection(ExtensibilityGlobals) = postSolution
		SolutionGuid = {3F825660-608A-4B80-BA66-977FC41BEFFD}
	EndGlobalSection
EndGlobal
